github.com/Alex222222222222/cupper-hugo-theme v0.0.0-20230104033449-387d905ae451 h1:9aG159e/f03z3th0qfxf7WSecA3nCxBijq5sBEaX/34=
github.com/Alex222222222222/cupper-hugo-theme v0.0.0-20230104033449-387d905ae451/go.mod h1:Q2A9MxcDdRHAAPxpMV6pBf2mv/Y8Fk1nezG1FQCSxqc=
github.com/panr/hugo-theme-terminal v2.1.0+incompatible h1:oSqo5Q4lWiIcBDFaASgrCEdXaEtH43foBd/ti21MEGE=
github.com/panr/hugo-theme-terminal v2.1.0+incompatible/go.mod h1:kiO0NHUXPNrG6BFRlat5jc078p3e1f2sLlpt0a23MEY=
github.com/zwbetz-gh/cupper-hugo-theme v0.0.0-20230104033449-387d905ae451 h1:tg+iMcwCi8ACpfVGrhIyH0Rr8stJWKTi2+6nMkeDs9Y=
github.com/zwbetz-gh/cupper-hugo-theme v0.0.0-20230104033449-387d905ae451/go.mod h1:gbFBe9uTDt+0qaDRIuovRHXX+fhV3RuItr55ukQ1Psk=
